
Microsoft Visual Studio Solution File, Format Version 12.00
# Visual Studio Version 16
VisualStudioVersion = 16.0.29709.97
MinimumVisualStudioVersion = 10.0.40219.1
Project("{FAE04EC0-301F-11D3-BF4B-00C04F79EFBC}") = "Bai2", "Bai2\Bai2.csproj", "{57E646A8-281B-4A32-91CD-E9B3B18D1D66}"
EndProject
Project("{FAE04EC0-301F-11D3-BF4B-00C04F79EFBC}") = "Bai2.Tests", "Bai2.Tests\Bai2.Tests.csproj", "{74E45F7A-92C2-4CE0-B956-D4AC5DD7AB29}"
EndProject
Global
	GlobalSection(SolutionConfigurationPlatforms) = preSolution
		Debug|Any CPU = Debug|Any CPU
		Release|Any CPU = Release|Any CPU
	EndGlobalSection
	GlobalSection(ProjectConfigurationPlatforms) = postSolution
		{57E646A8-281B-4A32-91CD-E9B3B18D1D66}.Debug|Any CPU.ActiveCfg = Debug|Any CPU
		{57E646A8-281B-4A32-91CD-E9B3B18D1D66}.Debug|Any CPU.Build.0 = Debug|Any CPU
		{57E646A8-281B-4A32-91CD-E9B3B18D1D66}.Release|Any CPU.ActiveCfg = Release|Any CPU
		{57E646A8-281B-4A32-91CD-E9B3B18D1D66}.Release|Any CPU.Build.0 = Release|Any CPU
		{74E45F7A-92C2-4CE0-B956-D4AC5DD7AB29}.Debug|Any CPU.ActiveCfg = Debug|Any CPU
		{74E45F7A-92C2-4CE0-B956-D4AC5DD7AB29}.Debug|Any CPU.Build.0 = Debug|Any CPU
		{74E45F7A-92C2-4CE0-B956-D4AC5DD7AB29}.Release|Any CPU.ActiveCfg = Release|Any CPU
		{74E45F7A-92C2-4CE0-B956-D4AC5DD7AB29}.Release|Any CPU.Build.0 = Release|Any CPU
	EndGlobalSection
	GlobalSection(SolutionProperties) = preSolution
		HideSolutionNode = FALSE
	EndGlobalSection
	GlobalSection(ExtensibilityGlobals) = postSolution
		SolutionGuid = {992D87F0-67D0-462D-AC3E-3AAC1558467A}
	EndGlobalSection
EndGlobal
